
Microsoft Visual Studio Solution File, Format Version 12.00
# Visual Studio Version 16
VisualStudioVersion = 16.0.30225.117
MinimumVisualStudioVersion = 10.0.40219.1
Project("{FAE04EC0-301F-11D3-BF4B-00C04F79EFBC}") = "Lazada", "Lazada\Lazada.csproj", "{2FBC0E64-56E9-46E6-823F-137DBC0DD4CD}"
EndProject
Global
	GlobalSection(SolutionConfigurationPlatforms) = preSolution
		Debug|Any CPU = Debug|Any CPU
		Release|Any CPU = Release|Any CPU
	EndGlobalSection
	GlobalSection(ProjectConfigurationPlatforms) = postSolution
		{2FBC0E64-56E9-46E6-823F-137DBC0DD4CD}.Debug|Any CPU.ActiveCfg = Debug|Any CPU
		{2FBC0E64-56E9-46E6-823F-137DBC0DD4CD}.Debug|Any CPU.Build.0 = Debug|Any CPU
		{2FBC0E64-56E9-46E6-823F-137DBC0DD4CD}.Release|Any CPU.ActiveCfg = Release|Any CPU
		{2FBC0E64-56E9-46E6-823F-137DBC0DD4CD}.Release|Any CPU.Build.0 = Release|Any CPU
	EndGlobalSection
	GlobalSection(SolutionProperties) = preSolution
		HideSolutionNode = FALSE
	EndGlobalSection
	GlobalSection(ExtensibilityGlobals) = postSolution
		SolutionGuid = {BE3CAFDA-35EB-4FF4-9307-A7D2511EC764}
	EndGlobalSection
EndGlobal
